
Microsoft Visual Studio Solution File, Format Version 12.00
# Visual Studio Version 17
VisualStudioVersion = 17.10.35122.118
MinimumVisualStudioVersion = 10.0.40219.1
Project("{8BC9CEB8-8B4A-11D0-8D11-00A0C91BC942}") = "SIMPLE_RECURSION", "SIMPLE_RECURSION.vcxproj", "{AD0185A3-7953-48C2-B387-8E839A6A4A11}"
EndProject
Global
	GlobalSection(SolutionConfigurationPlatforms) = preSolution
		Debug|x64 = Debug|x64
		Debug|x86 = Debug|x86
		Release|x64 = Release|x64
		Release|x86 = Release|x86
	EndGlobalSection
	GlobalSection(ProjectConfigurationPlatforms) = postSolution
		{AD0185A3-7953-48C2-B387-8E839A6A4A11}.Debug|x64.ActiveCfg = Debug|x64
		{AD0185A3-7953-48C2-B387-8E839A6A4A11}.Debug|x64.Build.0 = Debug|x64
		{AD0185A3-7953-48C2-B387-8E839A6A4A11}.Debug|x86.ActiveCfg = Debug|Win32
		{AD0185A3-7953-48C2-B387-8E839A6A4A11}.Debug|x86.Build.0 = Debug|Win32
		{AD0185A3-7953-48C2-B387-8E839A6A4A11}.Release|x64.ActiveCfg = Release|x64
		{AD0185A3-7953-48C2-B387-8E839A6A4A11}.Release|x64.Build.0 = Release|x64
		{AD0185A3-7953-48C2-B387-8E839A6A4A11}.Release|x86.ActiveCfg = Release|Win32
		{AD0185A3-7953-48C2-B387-8E839A6A4A11}.Release|x86.Build.0 = Release|Win32
	EndGlobalSection
	GlobalSection(SolutionProperties) = preSolution
		HideSolutionNode = FALSE
	EndGlobalSection
	GlobalSection(ExtensibilityGlobals) = postSolution
		SolutionGuid = {73452CAE-3D44-45D6-9CA8-5FA4A9413B52}
	EndGlobalSection
EndGlobal
